
Microsoft Visual Studio Solution File, Format Version 12.00
Project("{FAE04EC0-301F-11D3-BF4B-00C04F79EFBC}") = "Chinook6OData", "Chinook6OData\Chinook6OData.csproj", "{494ACFEE-0A5D-4973-B821-B28D8674AE51}"
EndProject
Global
	GlobalSection(SolutionConfigurationPlatforms) = preSolution
		Debug|Any CPU = Debug|Any CPU
		Release|Any CPU = Release|Any CPU
	EndGlobalSection
	GlobalSection(ProjectConfigurationPlatforms) = postSolution
		{494ACFEE-0A5D-4973-B821-B28D8674AE51}.Debug|Any CPU.ActiveCfg = Debug|Any CPU
		{494ACFEE-0A5D-4973-B821-B28D8674AE51}.Debug|Any CPU.Build.0 = Debug|Any CPU
		{494ACFEE-0A5D-4973-B821-B28D8674AE51}.Release|Any CPU.ActiveCfg = Release|Any CPU
		{494ACFEE-0A5D-4973-B821-B28D8674AE51}.Release|Any CPU.Build.0 = Release|Any CPU
	EndGlobalSection
EndGlobal
